<?xml version="1.0" encoding="utf-8"?>
<Project ToolsVersion="4.0" xmlns="http://schemas.microsoft.com/developer/msbuild/2003">
  <ItemGroup>
    <Filter Include="源文件">
      <UniqueIdentifier>{4FC737F1-C7A5-4376-A066-2A32D752A2FF}</UniqueIdentifier>
      <Extensions>cpp;c;cc;cxx;def;odl;idl;hpj;bat;asm;asmx</Extensions>
    </Filter>
    <Filter Include="头文件">
      <UniqueIdentifier>{93995380-89BD-4b04-88EB-625FBE52EBFB}</UniqueIdentifier>
      <Extensions>h;hh;hpp;hxx;hm;inl;inc;xsd</Extensions>
    </Filter>
    <Filter Include="资源文件">
      <UniqueIdentifier>{67DA6AB6-F800-4c08-8B7A-83BB121AAD01}</UniqueIdentifier>
      <Extensions>rc;ico;cur;bmp;dlg;rc2;rct;bin;rgs;gif;jpg;jpeg;jpe;resx;tiff;tif;png;wav;mfcribbon-ms</Extensions>
    </Filter>
  </ItemGroup>
  <ItemGroup>
    <ClInclude Include="CGame.h">
      <Filter>头文件</Filter>
    </ClInclude>
    <ClInclude Include="CChessPiece.h">
      <Filter>头文件</Filter>
    </ClInclude>
    <ClInclude Include="CChessBoard.h">
      <Filter>头文件</Filter>
    </ClInclude>
    <ClInclude Include="CClock.h">
      <Filter>头文件</Filter>
    </ClInclude>
    <ClInclude Include="CRules.h">
      <Filter>头文件</Filter>
    </ClInclude>
    <ClInclude Include="CPlayer.h">
      <Filter>头文件</Filter>
    </ClInclude>
    <ClInclude Include="CLog.h">
      <Filter>头文件</Filter>
    </ClInclude>
    <ClInclude Include="CDisplay.h">
      <Filter>头文件</Filter>
    </ClInclude>
    <ClInclude Include="CArray.h">
      <Filter>头文件</Filter>
    </ClInclude>
    <ClInclude Include="CPoint.h">
      <Filter>头文件</Filter>
    </ClInclude>
    <ClInclude Include="CUint.h">
      <Filter>头文件</Filter>
    </ClInclude>
    <ClInclude Include="CScene.h">
      <Filter>头文件</Filter>
    </ClInclude>
    <ClInclude Include="CHumanPlayer.h">
      <Filter>头文件</Filter>
    </ClInclude>
    <ClInclude Include="CAI.h">
      <Filter>头文件</Filter>
    </ClInclude>
    <ClInclude Include="PieceType.h">
      <Filter>头文件</Filter>
    </ClInclude>
    <ClInclude Include="CSubBoard.h">
      <Filter>头文件</Filter>
    </ClInclude>
  </ItemGroup>
  <ItemGroup>
    <ClCompile Include="CGame.cpp">
      <Filter>源文件</Filter>
    </ClCompile>
    <ClCompile Include="five_in_a_row.cpp">
      <Filter>源文件</Filter>
    </ClCompile>
    <ClCompile Include="CChessPiece.cpp">
      <Filter>源文件</Filter>
    </ClCompile>
    <ClCompile Include="CDisplay.cpp">
      <Filter>源文件</Filter>
    </ClCompile>
    <ClCompile Include="CClock.cpp">
      <Filter>源文件</Filter>
    </ClCompile>
    <ClCompile Include="CRulses.cpp">
      <Filter>源文件</Filter>
    </ClCompile>
    <ClCompile Include="CUnit.cpp">
      <Filter>源文件</Filter>
    </ClCompile>
    <ClCompile Include="CChessBoard.cpp">
      <Filter>源文件</Filter>
    </ClCompile>
    <ClCompile Include="CScene.cpp">
      <Filter>源文件</Filter>
    </ClCompile>
    <ClCompile Include="CHumanPlayer.cpp">
      <Filter>源文件</Filter>
    </ClCompile>
    <ClCompile Include="CPlayer.cpp">
      <Filter>源文件</Filter>
    </ClCompile>
    <ClCompile Include="CAI.cpp">
      <Filter>源文件</Filter>
    </ClCompile>
    <ClCompile Include="CSubBoard.cpp">
      <Filter>源文件</Filter>
    </ClCompile>
  </ItemGroup>
</Project>